
Microsoft Visual Studio Solution File, Format Version 10.00
# Visual C++ Express 2008
Project("{8BC9CEB8-8B4A-11D0-8D11-00A0C91BC942}") = "ArtifexLoader", "ArtifexLoader_vc9.vcproj", "{10BD1783-203F-4D55-883F-3C348E9044A6}"
EndProject
Global
	GlobalSection(SolutionConfigurationPlatforms) = preSolution
		Debug|Win32 = Debug|Win32
		Release|Win32 = Release|Win32
	EndGlobalSection
	GlobalSection(ProjectConfigurationPlatforms) = postSolution
		{10BD1783-203F-4D55-883F-3C348E9044A6}.Debug|Win32.ActiveCfg = Debug|Win32
		{10BD1783-203F-4D55-883F-3C348E9044A6}.Debug|Win32.Build.0 = Debug|Win32
		{10BD1783-203F-4D55-883F-3C348E9044A6}.Release|Win32.ActiveCfg = Release|Win32
		{10BD1783-203F-4D55-883F-3C348E9044A6}.Release|Win32.Build.0 = Release|Win32
	EndGlobalSection
	GlobalSection(SolutionProperties) = preSolution
		HideSolutionNode = FALSE
	EndGlobalSection
EndGlobal
